<?xml version="1.0" encoding="utf-8"?>
<Project ToolsVersion="17.0" xmlns="http://schemas.microsoft.com/developer/msbuild/2003">
  <ItemGroup>
    <ClCompile Include="C:\Users\32350\Desktop\cmake1\CMakeTest\Src\main.cpp">
      <Filter>Source Files</Filter>
    </ClCompile>
  </ItemGroup>
  <ItemGroup>
    <CustomBuild Include="C:\Users\32350\Desktop\cmake1\CMakeTest\CMakeLists.txt" />
  </ItemGroup>
  <ItemGroup>
    <Filter Include="Source Files">
      <UniqueIdentifier>{281D1DBE-9997-346D-9CDE-B986A908C826}</UniqueIdentifier>
    </Filter>
  </ItemGroup>
</Project>
